
Microsoft Visual Studio Solution File, Format Version 12.00
# Visual Studio 15
VisualStudioVersion = 15.0.28307.1267
MinimumVisualStudioVersion = 10.0.40219.1
Project("{FAE04EC0-301F-11D3-BF4B-00C04F79EFBC}") = "TestModuCs", "TestModuCs\TestModuCs.csproj", "{FA39F4D3-4827-4A1A-857D-1F14149E6D93}"
EndProject
Project("{FAE04EC0-301F-11D3-BF4B-00C04F79EFBC}") = "TestModuControl", "TestModuControl\TestModuControl.csproj", "{4C9A5DEE-F55C-412E-BBEF-F888B8701879}"
EndProject
Global
	GlobalSection(SolutionConfigurationPlatforms) = preSolution
		Debug|Any CPU = Debug|Any CPU
		Release|Any CPU = Release|Any CPU
	EndGlobalSection
	GlobalSection(ProjectConfigurationPlatforms) = postSolution
		{FA39F4D3-4827-4A1A-857D-1F14149E6D93}.Debug|Any CPU.ActiveCfg = Debug|Any CPU
		{FA39F4D3-4827-4A1A-857D-1F14149E6D93}.Debug|Any CPU.Build.0 = Debug|Any CPU
		{FA39F4D3-4827-4A1A-857D-1F14149E6D93}.Release|Any CPU.ActiveCfg = Release|Any CPU
		{FA39F4D3-4827-4A1A-857D-1F14149E6D93}.Release|Any CPU.Build.0 = Release|Any CPU
		{4C9A5DEE-F55C-412E-BBEF-F888B8701879}.Debug|Any CPU.ActiveCfg = Debug|Any CPU
		{4C9A5DEE-F55C-412E-BBEF-F888B8701879}.Debug|Any CPU.Build.0 = Debug|Any CPU
		{4C9A5DEE-F55C-412E-BBEF-F888B8701879}.Release|Any CPU.ActiveCfg = Release|Any CPU
		{4C9A5DEE-F55C-412E-BBEF-F888B8701879}.Release|Any CPU.Build.0 = Release|Any CPU
	EndGlobalSection
	GlobalSection(SolutionProperties) = preSolution
		HideSolutionNode = FALSE
	EndGlobalSection
	GlobalSection(ExtensibilityGlobals) = postSolution
		SolutionGuid = {516D6958-148C-4CE8-9DD6-3ED0C5072612}
	EndGlobalSection
EndGlobal
